
Microsoft Visual Studio Solution File, Format Version 12.00
# Visual Studio 15
VisualStudioVersion = 15.0.27428.2005
MinimumVisualStudioVersion = 10.0.40219.1
Project("{2150E333-8FDC-42A3-9474-1A3956D46DE8}") = "csharp", "csharp", "{08B1C1DD-7CC5-4535-AA9F-A33A722F7703}"
EndProject
Project("{FAE04EC0-301F-11D3-BF4B-00C04F79EFBC}") = "aconcagua.client", "csharp\aconcagua.client\aconcagua.client.csproj", "{CEDCC7ED-9D15-4F6D-AA3D-1143BB825D0F}"
EndProject
Project("{FAE04EC0-301F-11D3-BF4B-00C04F79EFBC}") = "aconcagua.common", "csharp\aconcagua.common\aconcagua.common.csproj", "{28A7A29B-E8B7-40DE-827C-4134D0697CC3}"
EndProject
Project("{9A19103F-16F7-4668-BE54-9A1E7A4F7556}") = "aconcagua.data", "csharp\aconcagua.data\aconcagua.data.csproj", "{1C4B2B35-C7CC-41C5-BBFF-5861B3B6DF09}"
EndProject
Project("{FAE04EC0-301F-11D3-BF4B-00C04F79EFBC}") = "aconcagua.server", "csharp\aconcagua.server\aconcagua.server.csproj", "{3FCF7617-15E9-4460-B5F9-3AE205E91E4A}"
EndProject
Project("{FAE04EC0-301F-11D3-BF4B-00C04F79EFBC}") = "aconcagua.tests", "csharp\aconcagua.tests\aconcagua.tests.csproj", "{7AB9C102-5A83-474E-AF26-E9D727C46679}"
EndProject
Project("{2150E333-8FDC-42A3-9474-1A3956D46DE8}") = "python", "python", "{0A839018-2DC7-41D5-93BB-F1EF4041F97E}"
EndProject
Project("{2150E333-8FDC-42A3-9474-1A3956D46DE8}") = "proto", "proto", "{AF15DBBD-E17C-4FDF-A679-8BB134BBBEE3}"
	ProjectSection(SolutionItems) = preProject
		proto\aconcagua.proto = proto\aconcagua.proto
	EndProjectSection
EndProject
Project("{888888A0-9F3D-457C-B088-3A5042F75D52}") = "aconcagua.clientserver", "python\aconcagua.clientserver\aconcagua.clientserver.pyproj", "{785D4734-BCDD-4731-9D78-9D10E1DB8801}"
EndProject
Project("{9A19103F-16F7-4668-BE54-9A1E7A4F7556}") = "aconcagua.data.factory", "csharp\aconcagua.data.factory\aconcagua.data.factory.csproj", "{A8450C5D-1D6E-499A-B256-613B7579A5EF}"
EndProject
Project("{FAE04EC0-301F-11D3-BF4B-00C04F79EFBC}") = "aconcagua.data.dmx", "csharp\aconcagua.data.dmx\aconcagua.data.dmx.csproj", "{09B907D6-844F-4B78-BACB-F87B3C7B1384}"
EndProject
Project("{FAE04EC0-301F-11D3-BF4B-00C04F79EFBC}") = "aconcagua.data.ecos", "csharp\aconcagua.data.ecos\aconcagua.data.ecos.csproj", "{5789ACD1-0F42-4E9B-B4A4-6DCC47CB30B0}"
EndProject
Project("{9A19103F-16F7-4668-BE54-9A1E7A4F7556}") = "infrastructure", "csharp\infrastructure\infrastructure.csproj", "{7AF567DA-A794-4DC7-ACFB-DC03263B9DE3}"
EndProject
Project("{2150E333-8FDC-42A3-9474-1A3956D46DE8}") = "Solution Items", "Solution Items", "{95D08BDB-8529-4120-A8EC-873E97B53D0A}"
	ProjectSection(SolutionItems) = preProject
		app.testsettings = app.testsettings
	EndProjectSection
EndProject
Project("{9A19103F-16F7-4668-BE54-9A1E7A4F7556}") = "infrastructure.log.nlog", "csharp\infrastructure.log.nlog\infrastructure.log.nlog.csproj", "{2F4EED49-804B-47AB-82EE-367CE1BC734F}"
EndProject
Project("{2150E333-8FDC-42A3-9474-1A3956D46DE8}") = "js", "js", "{57E05535-C88D-46FA-BB1F-2FFE40FF5581}"
EndProject
Project("{E24C65DC-7377-472B-9ABA-BC803B73C61A}") = "client", "js\client\", "{4CD44204-276A-42A8-A651-8169D0F082E0}"
	ProjectSection(WebsiteProperties) = preProject
		TargetFrameworkMoniker = ".NETFramework,Version%3Dv4.0"
		Debug.AspNetCompiler.VirtualPath = "/localhost_57201"
		Debug.AspNetCompiler.PhysicalPath = "js\client\"
		Debug.AspNetCompiler.TargetPath = "PrecompiledWeb\localhost_57201\"
		Debug.AspNetCompiler.Updateable = "true"
		Debug.AspNetCompiler.ForceOverwrite = "true"
		Debug.AspNetCompiler.FixedNames = "false"
		Debug.AspNetCompiler.Debug = "True"
		Release.AspNetCompiler.VirtualPath = "/localhost_57201"
		Release.AspNetCompiler.PhysicalPath = "js\client\"
		Release.AspNetCompiler.TargetPath = "PrecompiledWeb\localhost_57201\"
		Release.AspNetCompiler.Updateable = "true"
		Release.AspNetCompiler.ForceOverwrite = "true"
		Release.AspNetCompiler.FixedNames = "false"
		Release.AspNetCompiler.Debug = "False"
		VWDPort = "57201"
	EndProjectSection
EndProject
Global
	GlobalSection(SolutionConfigurationPlatforms) = preSolution
		Debug|Any CPU = Debug|Any CPU
		Release|Any CPU = Release|Any CPU
	EndGlobalSection
	GlobalSection(ProjectConfigurationPlatforms) = postSolution
		{CEDCC7ED-9D15-4F6D-AA3D-1143BB825D0F}.Debug|Any CPU.ActiveCfg = Debug|Any CPU
		{CEDCC7ED-9D15-4F6D-AA3D-1143BB825D0F}.Debug|Any CPU.Build.0 = Debug|Any CPU
		{CEDCC7ED-9D15-4F6D-AA3D-1143BB825D0F}.Release|Any CPU.ActiveCfg = Release|Any CPU
		{CEDCC7ED-9D15-4F6D-AA3D-1143BB825D0F}.Release|Any CPU.Build.0 = Release|Any CPU
		{28A7A29B-E8B7-40DE-827C-4134D0697CC3}.Debug|Any CPU.ActiveCfg = Debug|Any CPU
		{28A7A29B-E8B7-40DE-827C-4134D0697CC3}.Debug|Any CPU.Build.0 = Debug|Any CPU
		{28A7A29B-E8B7-40DE-827C-4134D0697CC3}.Release|Any CPU.ActiveCfg = Release|Any CPU
		{28A7A29B-E8B7-40DE-827C-4134D0697CC3}.Release|Any CPU.Build.0 = Release|Any CPU
		{1C4B2B35-C7CC-41C5-BBFF-5861B3B6DF09}.Debug|Any CPU.ActiveCfg = Debug|Any CPU
		{1C4B2B35-C7CC-41C5-BBFF-5861B3B6DF09}.Debug|Any CPU.Build.0 = Debug|Any CPU
		{1C4B2B35-C7CC-41C5-BBFF-5861B3B6DF09}.Release|Any CPU.ActiveCfg = Release|Any CPU
		{1C4B2B35-C7CC-41C5-BBFF-5861B3B6DF09}.Release|Any CPU.Build.0 = Release|Any CPU
		{3FCF7617-15E9-4460-B5F9-3AE205E91E4A}.Debug|Any CPU.ActiveCfg = Debug|Any CPU
		{3FCF7617-15E9-4460-B5F9-3AE205E91E4A}.Debug|Any CPU.Build.0 = Debug|Any CPU
		{3FCF7617-15E9-4460-B5F9-3AE205E91E4A}.Release|Any CPU.ActiveCfg = Release|Any CPU
		{3FCF7617-15E9-4460-B5F9-3AE205E91E4A}.Release|Any CPU.Build.0 = Release|Any CPU
		{7AB9C102-5A83-474E-AF26-E9D727C46679}.Debug|Any CPU.ActiveCfg = Debug|Any CPU
		{7AB9C102-5A83-474E-AF26-E9D727C46679}.Debug|Any CPU.Build.0 = Debug|Any CPU
		{7AB9C102-5A83-474E-AF26-E9D727C46679}.Release|Any CPU.ActiveCfg = Release|Any CPU
		{7AB9C102-5A83-474E-AF26-E9D727C46679}.Release|Any CPU.Build.0 = Release|Any CPU
		{785D4734-BCDD-4731-9D78-9D10E1DB8801}.Debug|Any CPU.ActiveCfg = Debug|Any CPU
		{785D4734-BCDD-4731-9D78-9D10E1DB8801}.Release|Any CPU.ActiveCfg = Release|Any CPU
		{A8450C5D-1D6E-499A-B256-613B7579A5EF}.Debug|Any CPU.ActiveCfg = Debug|Any CPU
		{A8450C5D-1D6E-499A-B256-613B7579A5EF}.Debug|Any CPU.Build.0 = Debug|Any CPU
		{A8450C5D-1D6E-499A-B256-613B7579A5EF}.Release|Any CPU.ActiveCfg = Release|Any CPU
		{A8450C5D-1D6E-499A-B256-613B7579A5EF}.Release|Any CPU.Build.0 = Release|Any CPU
		{09B907D6-844F-4B78-BACB-F87B3C7B1384}.Debug|Any CPU.ActiveCfg = Debug|Any CPU
		{09B907D6-844F-4B78-BACB-F87B3C7B1384}.Debug|Any CPU.Build.0 = Debug|Any CPU
		{09B907D6-844F-4B78-BACB-F87B3C7B1384}.Release|Any CPU.ActiveCfg = Release|Any CPU
		{09B907D6-844F-4B78-BACB-F87B3C7B1384}.Release|Any CPU.Build.0 = Release|Any CPU
		{5789ACD1-0F42-4E9B-B4A4-6DCC47CB30B0}.Debug|Any CPU.ActiveCfg = Debug|Any CPU
		{5789ACD1-0F42-4E9B-B4A4-6DCC47CB30B0}.Debug|Any CPU.Build.0 = Debug|Any CPU
		{5789ACD1-0F42-4E9B-B4A4-6DCC47CB30B0}.Release|Any CPU.ActiveCfg = Release|Any CPU
		{5789ACD1-0F42-4E9B-B4A4-6DCC47CB30B0}.Release|Any CPU.Build.0 = Release|Any CPU
		{7AF567DA-A794-4DC7-ACFB-DC03263B9DE3}.Debug|Any CPU.ActiveCfg = Debug|Any CPU
		{7AF567DA-A794-4DC7-ACFB-DC03263B9DE3}.Debug|Any CPU.Build.0 = Debug|Any CPU
		{7AF567DA-A794-4DC7-ACFB-DC03263B9DE3}.Release|Any CPU.ActiveCfg = Release|Any CPU
		{7AF567DA-A794-4DC7-ACFB-DC03263B9DE3}.Release|Any CPU.Build.0 = Release|Any CPU
		{2F4EED49-804B-47AB-82EE-367CE1BC734F}.Debug|Any CPU.ActiveCfg = Debug|Any CPU
		{2F4EED49-804B-47AB-82EE-367CE1BC734F}.Debug|Any CPU.Build.0 = Debug|Any CPU
		{2F4EED49-804B-47AB-82EE-367CE1BC734F}.Release|Any CPU.ActiveCfg = Release|Any CPU
		{2F4EED49-804B-47AB-82EE-367CE1BC734F}.Release|Any CPU.Build.0 = Release|Any CPU
		{4CD44204-276A-42A8-A651-8169D0F082E0}.Debug|Any CPU.ActiveCfg = Debug|Any CPU
		{4CD44204-276A-42A8-A651-8169D0F082E0}.Debug|Any CPU.Build.0 = Debug|Any CPU
		{4CD44204-276A-42A8-A651-8169D0F082E0}.Release|Any CPU.ActiveCfg = Debug|Any CPU
		{4CD44204-276A-42A8-A651-8169D0F082E0}.Release|Any CPU.Build.0 = Debug|Any CPU
	EndGlobalSection
	GlobalSection(SolutionProperties) = preSolution
		HideSolutionNode = FALSE
	EndGlobalSection
	GlobalSection(NestedProjects) = preSolution
		{CEDCC7ED-9D15-4F6D-AA3D-1143BB825D0F} = {08B1C1DD-7CC5-4535-AA9F-A33A722F7703}
		{28A7A29B-E8B7-40DE-827C-4134D0697CC3} = {08B1C1DD-7CC5-4535-AA9F-A33A722F7703}
		{1C4B2B35-C7CC-41C5-BBFF-5861B3B6DF09} = {08B1C1DD-7CC5-4535-AA9F-A33A722F7703}
		{3FCF7617-15E9-4460-B5F9-3AE205E91E4A} = {08B1C1DD-7CC5-4535-AA9F-A33A722F7703}
		{7AB9C102-5A83-474E-AF26-E9D727C46679} = {08B1C1DD-7CC5-4535-AA9F-A33A722F7703}
		{785D4734-BCDD-4731-9D78-9D10E1DB8801} = {0A839018-2DC7-41D5-93BB-F1EF4041F97E}
		{A8450C5D-1D6E-499A-B256-613B7579A5EF} = {08B1C1DD-7CC5-4535-AA9F-A33A722F7703}
		{09B907D6-844F-4B78-BACB-F87B3C7B1384} = {08B1C1DD-7CC5-4535-AA9F-A33A722F7703}
		{5789ACD1-0F42-4E9B-B4A4-6DCC47CB30B0} = {08B1C1DD-7CC5-4535-AA9F-A33A722F7703}
		{7AF567DA-A794-4DC7-ACFB-DC03263B9DE3} = {08B1C1DD-7CC5-4535-AA9F-A33A722F7703}
		{2F4EED49-804B-47AB-82EE-367CE1BC734F} = {08B1C1DD-7CC5-4535-AA9F-A33A722F7703}
		{4CD44204-276A-42A8-A651-8169D0F082E0} = {57E05535-C88D-46FA-BB1F-2FFE40FF5581}
	EndGlobalSection
	GlobalSection(ExtensibilityGlobals) = postSolution
		SolutionGuid = {D9FA2CB5-A404-4E81-B746-92925E7800FF}
	EndGlobalSection
EndGlobal
