
Microsoft Visual Studio Solution File, Format Version 12.00
# Visual Studio 15
VisualStudioVersion = 15.0.27428.2005
MinimumVisualStudioVersion = 10.0.40219.1
Project("{FAE04EC0-301F-11D3-BF4B-00C04F79EFBC}") = "aconcagua.common", "aconcagua.common\aconcagua.common.csproj", "{E2A040D9-A16F-4A24-B4C0-0AAAA11175F0}"
EndProject
Global
	GlobalSection(SolutionConfigurationPlatforms) = preSolution
		Debug|Any CPU = Debug|Any CPU
		Release|Any CPU = Release|Any CPU
	EndGlobalSection
	GlobalSection(ProjectConfigurationPlatforms) = postSolution
		{E2A040D9-A16F-4A24-B4C0-0AAAA11175F0}.Debug|Any CPU.ActiveCfg = Debug|Any CPU
		{E2A040D9-A16F-4A24-B4C0-0AAAA11175F0}.Debug|Any CPU.Build.0 = Debug|Any CPU
		{E2A040D9-A16F-4A24-B4C0-0AAAA11175F0}.Release|Any CPU.ActiveCfg = Release|Any CPU
		{E2A040D9-A16F-4A24-B4C0-0AAAA11175F0}.Release|Any CPU.Build.0 = Release|Any CPU
	EndGlobalSection
	GlobalSection(SolutionProperties) = preSolution
		HideSolutionNode = FALSE
	EndGlobalSection
	GlobalSection(ExtensibilityGlobals) = postSolution
		SolutionGuid = {D9FA2CB5-A404-4E81-B746-92925E7800FF}
	EndGlobalSection
EndGlobal
